
Microsoft Visual Studio Solution File, Format Version 12.00
# Visual Studio Version 17
VisualStudioVersion = 17.4.33213.308
MinimumVisualStudioVersion = 10.0.40219.1
Project("{FAE04EC0-301F-11D3-BF4B-00C04F79EFBC}") = "Ders13_WindowsService_TCkimlik_Kontrol", "Ders13_WindowsService_TCkimlik_Kontrol\Ders13_WindowsService_TCkimlik_Kontrol.csproj", "{E4D4FEFE-1BDF-4CAC-A48E-666C50E2AB71}"
EndProject
Global
	GlobalSection(SolutionConfigurationPlatforms) = preSolution
		Debug|Any CPU = Debug|Any CPU
		Release|Any CPU = Release|Any CPU
	EndGlobalSection
	GlobalSection(ProjectConfigurationPlatforms) = postSolution
		{E4D4FEFE-1BDF-4CAC-A48E-666C50E2AB71}.Debug|Any CPU.ActiveCfg = Debug|Any CPU
		{E4D4FEFE-1BDF-4CAC-A48E-666C50E2AB71}.Debug|Any CPU.Build.0 = Debug|Any CPU
		{E4D4FEFE-1BDF-4CAC-A48E-666C50E2AB71}.Release|Any CPU.ActiveCfg = Release|Any CPU
		{E4D4FEFE-1BDF-4CAC-A48E-666C50E2AB71}.Release|Any CPU.Build.0 = Release|Any CPU
	EndGlobalSection
	GlobalSection(SolutionProperties) = preSolution
		HideSolutionNode = FALSE
	EndGlobalSection
	GlobalSection(ExtensibilityGlobals) = postSolution
		SolutionGuid = {878ACA76-4131-4B8A-9BE1-FF22200181A5}
	EndGlobalSection
EndGlobal
